
Microsoft Visual Studio Solution File, Format Version 12.00
# Visual Studio Version 17
VisualStudioVersion = 17.8.34316.72
MinimumVisualStudioVersion = 10.0.40219.1
Project("{FAE04EC0-301F-11D3-BF4B-00C04F79EFBC}") = "TO-DO LIST EVENT DRIVEN", "TO-DO LIST EVENT DRIVEN\TO-DO LIST EVENT DRIVEN.csproj", "{9890021A-5635-4161-A284-4F4C2A8C232E}"
EndProject
Global
	GlobalSection(SolutionConfigurationPlatforms) = preSolution
		Debug|Any CPU = Debug|Any CPU
		Release|Any CPU = Release|Any CPU
	EndGlobalSection
	GlobalSection(ProjectConfigurationPlatforms) = postSolution
		{9890021A-5635-4161-A284-4F4C2A8C232E}.Debug|Any CPU.ActiveCfg = Debug|Any CPU
		{9890021A-5635-4161-A284-4F4C2A8C232E}.Debug|Any CPU.Build.0 = Debug|Any CPU
		{9890021A-5635-4161-A284-4F4C2A8C232E}.Release|Any CPU.ActiveCfg = Release|Any CPU
		{9890021A-5635-4161-A284-4F4C2A8C232E}.Release|Any CPU.Build.0 = Release|Any CPU
	EndGlobalSection
	GlobalSection(SolutionProperties) = preSolution
		HideSolutionNode = FALSE
	EndGlobalSection
	GlobalSection(ExtensibilityGlobals) = postSolution
		SolutionGuid = {FE31A53A-D74E-41F4-808E-D248CB56A3BB}
	EndGlobalSection
EndGlobal
